// !$*UTF8*$!
{
	archiveVersion = 1;
	classes = {
	};
	objectVersion = 56;
	objects = {

/* Begin PBXBuildFile section */
		CB0087562AFAD9A900B92075 /* CloudKitUser.swift in Sources */ = {isa = PBXBuildFile; fileRef = CB0087552AFAD9A900B92075 /* CloudKitUser.swift */; };
		CB03A3522AEC5ABA005C3157 /* CDTest+Extension.swift in Sources */ = {isa = PBXBuildFile; fileRef = CB03A3512AEC5ABA005C3157 /* CDTest+Extension.swift */; };
		CB03A3542AECF644005C3157 /* CDQuestion+Extension.swift in Sources */ = {isa = PBXBuildFile; fileRef = CB03A3532AECF644005C3157 /* CDQuestion+Extension.swift */; };
		CB03A3562AECFDA3005C3157 /* TestRowView.swift in Sources */ = {isa = PBXBuildFile; fileRef = CB03A3552AECFDA3005C3157 /* TestRowView.swift */; };
		CB0C516E2AF023100063C5AD /* QuestionDetailView.swift in Sources */ = {isa = PBXBuildFile; fileRef = CB0C516D2AF023100063C5AD /* QuestionDetailView.swift */; };
		CB0C51702AF0257E0063C5AD /* CDAnswer+Extension.swift in Sources */ = {isa = PBXBuildFile; fileRef = CB0C516F2AF0257E0063C5AD /* CDAnswer+Extension.swift */; };
		CB3049362AEFC7EE005F8574 /* CheckBoxButtonLabel.swift in Sources */ = {isa = PBXBuildFile; fileRef = CB3049352AEFC7EE005F8574 /* CheckBoxButtonLabel.swift */; };
		CB3A07752AF652B4007755C0 /* CatalogCell.swift in Sources */ = {isa = PBXBuildFile; fileRef = CB3A07742AF652B4007755C0 /* CatalogCell.swift */; };
		CB3A07772AF655CC007755C0 /* GlassBackground.swift in Sources */ = {isa = PBXBuildFile; fileRef = CB3A07762AF655CC007755C0 /* GlassBackground.swift */; };
		CB3A077B2AF65E11007755C0 /* CatalogIcon.swift in Sources */ = {isa = PBXBuildFile; fileRef = CB3A077A2AF65E11007755C0 /* CatalogIcon.swift */; };
		CB3F773E2AEEAA6400DA3970 /* CustomButtonLabel.swift in Sources */ = {isa = PBXBuildFile; fileRef = CB3F773D2AEEAA6400DA3970 /* CustomButtonLabel.swift */; };
		CB4617972AF6C02E00AD5BA5 /* ProfileViewModel.swift in Sources */ = {isa = PBXBuildFile; fileRef = CB4617962AF6C02E00AD5BA5 /* ProfileViewModel.swift */; };
		CB4617992AF6C0AB00AD5BA5 /* CircularProfileImage.swift in Sources */ = {isa = PBXBuildFile; fileRef = CB4617982AF6C0AB00AD5BA5 /* CircularProfileImage.swift */; };
		CB46179C2AF7B31E00AD5BA5 /* Answer.swift in Sources */ = {isa = PBXBuildFile; fileRef = CB46179B2AF7B31E00AD5BA5 /* Answer.swift */; };
		CB46179E2AF7BC8B00AD5BA5 /* AnswerViewModel.swift in Sources */ = {isa = PBXBuildFile; fileRef = CB46179D2AF7BC8B00AD5BA5 /* AnswerViewModel.swift */; };
		CB4617A02AF7C0B400AD5BA5 /* NewQuestionViewModel.swift in Sources */ = {isa = PBXBuildFile; fileRef = CB46179F2AF7C0B400AD5BA5 /* NewQuestionViewModel.swift */; };
		CB564F5F2B05094F00F70C66 /* CDTest.swift in Sources */ = {isa = PBXBuildFile; fileRef = CB564F5E2B05094F00F70C66 /* CDTest.swift */; };
		CB564F612B05165B00F70C66 /* Tools.swift in Sources */ = {isa = PBXBuildFile; fileRef = CB564F602B05165B00F70C66 /* Tools.swift */; };
		CB5E99732AED1E1600575C09 /* NSPredicate+Extension.swift in Sources */ = {isa = PBXBuildFile; fileRef = CB5E99722AED1E1600575C09 /* NSPredicate+Extension.swift */; };
		CB6046AA2AEAA85F004727A2 /* NewQuestionView.swift in Sources */ = {isa = PBXBuildFile; fileRef = CB6046A92AEAA85F004727A2 /* NewQuestionView.swift */; };
		CB61E3CA2AF1A7DA00B60328 /* FilteredQuestionList.swift in Sources */ = {isa = PBXBuildFile; fileRef = CB61E3C92AF1A7DA00B60328 /* FilteredQuestionList.swift */; };
		CB67508B2AE699600049E7A8 /* SailorCompassApp.swift in Sources */ = {isa = PBXBuildFile; fileRef = CB67508A2AE699600049E7A8 /* SailorCompassApp.swift */; };
		CB67508D2AE699600049E7A8 /* MyListTestsView.swift in Sources */ = {isa = PBXBuildFile; fileRef = CB67508C2AE699600049E7A8 /* MyListTestsView.swift */; };
		CB67508F2AE699610049E7A8 /* Assets.xcassets in Resources */ = {isa = PBXBuildFile; fileRef = CB67508E2AE699610049E7A8 /* Assets.xcassets */; };
		CB6750922AE699610049E7A8 /* Preview Assets.xcassets in Resources */ = {isa = PBXBuildFile; fileRef = CB6750912AE699610049E7A8 /* Preview Assets.xcassets */; };
		CB6750942AE699610049E7A8 /* Persistence.swift in Sources */ = {isa = PBXBuildFile; fileRef = CB6750932AE699610049E7A8 /* Persistence.swift */; };
		CB6750972AE699610049E7A8 /* SailorCompass.xcdatamodeld in Sources */ = {isa = PBXBuildFile; fileRef = CB6750952AE699610049E7A8 /* SailorCompass.xcdatamodeld */; };
		CB6750A32AE699610049E7A8 /* SailorCompassTests.swift in Sources */ = {isa = PBXBuildFile; fileRef = CB6750A22AE699610049E7A8 /* SailorCompassTests.swift */; };
		CB6750AD2AE699610049E7A8 /* SailorCompassUITests.swift in Sources */ = {isa = PBXBuildFile; fileRef = CB6750AC2AE699610049E7A8 /* SailorCompassUITests.swift */; };
		CB6750AF2AE699610049E7A8 /* SailorCompassUITestsLaunchTests.swift in Sources */ = {isa = PBXBuildFile; fileRef = CB6750AE2AE699610049E7A8 /* SailorCompassUITestsLaunchTests.swift */; };
		CB7887CA2AFD23D800367B50 /* QuestionTextEditor.swift in Sources */ = {isa = PBXBuildFile; fileRef = CB7887C92AFD23D800367B50 /* QuestionTextEditor.swift */; };
		CB7887CC2AFD2B2500367B50 /* AnswerTextField.swift in Sources */ = {isa = PBXBuildFile; fileRef = CB7887CB2AFD2B2500367B50 /* AnswerTextField.swift */; };
		CB8A50322AE7CE4500088727 /* SettingsView.swift in Sources */ = {isa = PBXBuildFile; fileRef = CB8A50312AE7CE4500088727 /* SettingsView.swift */; };
		CB8A50352AE7CF0C00088727 /* TabBarView.swift in Sources */ = {isa = PBXBuildFile; fileRef = CB8A50342AE7CF0C00088727 /* TabBarView.swift */; };
		CB8A50382AE7CF9400088727 /* TabBar.swift in Sources */ = {isa = PBXBuildFile; fileRef = CB8A50372AE7CF9400088727 /* TabBar.swift */; };
		CB8A503A2AE7D1F800088727 /* MapView.swift in Sources */ = {isa = PBXBuildFile; fileRef = CB8A50392AE7D1F800088727 /* MapView.swift */; };
		CB8A503C2AE7D25800088727 /* ProfileView.swift in Sources */ = {isa = PBXBuildFile; fileRef = CB8A503B2AE7D25800088727 /* ProfileView.swift */; };
		CB8A503E2AE7D75A00088727 /* CatalogTestsView.swift in Sources */ = {isa = PBXBuildFile; fileRef = CB8A503D2AE7D75A00088727 /* CatalogTestsView.swift */; };
		CB8A50452AE8033500088727 /* MyListTestsViewModel.swift in Sources */ = {isa = PBXBuildFile; fileRef = CB8A50442AE8033500088727 /* MyListTestsViewModel.swift */; };
		CB8A50482AE8066200088727 /* CatalogTestsViewLabels.swift in Sources */ = {isa = PBXBuildFile; fileRef = CB8A50472AE8066200088727 /* CatalogTestsViewLabels.swift */; };
		CB8A504A2AE8096700088727 /* PublicTestsView.swift in Sources */ = {isa = PBXBuildFile; fileRef = CB8A50492AE8096700088727 /* PublicTestsView.swift */; };
		CB8A504C2AE80E6B00088727 /* Constants.swift in Sources */ = {isa = PBXBuildFile; fileRef = CB8A504B2AE80E6B00088727 /* Constants.swift */; };
		CB8A504E2AE814BC00088727 /* NewTestView.swift in Sources */ = {isa = PBXBuildFile; fileRef = CB8A504D2AE814BC00088727 /* NewTestView.swift */; };
		CB9495FD2AF3F507007A850C /* TestTitleTextField.swift in Sources */ = {isa = PBXBuildFile; fileRef = CB9495FC2AF3F507007A850C /* TestTitleTextField.swift */; };
		CB9495FF2AF3F698007A850C /* TestVesrionTextField.swift in Sources */ = {isa = PBXBuildFile; fileRef = CB9495FE2AF3F698007A850C /* TestVesrionTextField.swift */; };
		CBAB26AF2AEA6ED200C72AE1 /* MyListQuestionView.swift in Sources */ = {isa = PBXBuildFile; fileRef = CBAB26AE2AEA6ED200C72AE1 /* MyListQuestionView.swift */; };
		CBAB26B12AEA78D100C72AE1 /* MyListQuestionViewModel.swift in Sources */ = {isa = PBXBuildFile; fileRef = CBAB26B02AEA78D100C72AE1 /* MyListQuestionViewModel.swift */; };
/* End PBXBuildFile section */

/* Begin PBXContainerItemProxy section */
		CB67509F2AE699610049E7A8 /* PBXContainerItemProxy */ = {
			isa = PBXContainerItemProxy;
			containerPortal = CB67507F2AE699600049E7A8 /* Project object */;
			proxyType = 1;
			remoteGlobalIDString = CB6750862AE699600049E7A8;
			remoteInfo = SailorCompass;
		};
		CB6750A92AE699610049E7A8 /* PBXContainerItemProxy */ = {
			isa = PBXContainerItemProxy;
			containerPortal = CB67507F2AE699600049E7A8 /* Project object */;
			proxyType = 1;
			remoteGlobalIDString = CB6750862AE699600049E7A8;
			remoteInfo = SailorCompass;
		};
/* End PBXContainerItemProxy section */

/* Begin PBXFileReference section */
		CB0087552AFAD9A900B92075 /* CloudKitUser.swift */ = {isa = PBXFileReference; lastKnownFileType = sourcecode.swift; path = CloudKitUser.swift; sourceTree = "<group>"; };
		CB03A3512AEC5ABA005C3157 /* CDTest+Extension.swift */ = {isa = PBXFileReference; lastKnownFileType = sourcecode.swift; path = "CDTest+Extension.swift"; sourceTree = "<group>"; };
		CB03A3532AECF644005C3157 /* CDQuestion+Extension.swift */ = {isa = PBXFileReference; lastKnownFileType = sourcecode.swift; path = "CDQuestion+Extension.swift"; sourceTree = "<group>"; };
		CB03A3552AECFDA3005C3157 /* TestRowView.swift */ = {isa = PBXFileReference; lastKnownFileType = sourcecode.swift; path = TestRowView.swift; sourceTree = "<group>"; };
		CB0C516D2AF023100063C5AD /* QuestionDetailView.swift */ = {isa = PBXFileReference; lastKnownFileType = sourcecode.swift; path = QuestionDetailView.swift; sourceTree = "<group>"; };
		CB0C516F2AF0257E0063C5AD /* CDAnswer+Extension.swift */ = {isa = PBXFileReference; lastKnownFileType = sourcecode.swift; path = "CDAnswer+Extension.swift"; sourceTree = "<group>"; };
		CB3049352AEFC7EE005F8574 /* CheckBoxButtonLabel.swift */ = {isa = PBXFileReference; lastKnownFileType = sourcecode.swift; path = CheckBoxButtonLabel.swift; sourceTree = "<group>"; };
		CB3A07742AF652B4007755C0 /* CatalogCell.swift */ = {isa = PBXFileReference; lastKnownFileType = sourcecode.swift; path = CatalogCell.swift; sourceTree = "<group>"; };
		CB3A07762AF655CC007755C0 /* GlassBackground.swift */ = {isa = PBXFileReference; lastKnownFileType = sourcecode.swift; path = GlassBackground.swift; sourceTree = "<group>"; };
		CB3A077A2AF65E11007755C0 /* CatalogIcon.swift */ = {isa = PBXFileReference; lastKnownFileType = sourcecode.swift; path = CatalogIcon.swift; sourceTree = "<group>"; };
		CB3F773D2AEEAA6400DA3970 /* CustomButtonLabel.swift */ = {isa = PBXFileReference; lastKnownFileType = sourcecode.swift; path = CustomButtonLabel.swift; sourceTree = "<group>"; };
		CB4617962AF6C02E00AD5BA5 /* ProfileViewModel.swift */ = {isa = PBXFileReference; lastKnownFileType = sourcecode.swift; path = ProfileViewModel.swift; sourceTree = "<group>"; };
		CB4617982AF6C0AB00AD5BA5 /* CircularProfileImage.swift */ = {isa = PBXFileReference; lastKnownFileType = sourcecode.swift; path = CircularProfileImage.swift; sourceTree = "<group>"; };
		CB46179B2AF7B31E00AD5BA5 /* Answer.swift */ = {isa = PBXFileReference; lastKnownFileType = sourcecode.swift; path = Answer.swift; sourceTree = "<group>"; };
		CB46179D2AF7BC8B00AD5BA5 /* AnswerViewModel.swift */ = {isa = PBXFileReference; lastKnownFileType = sourcecode.swift; path = AnswerViewModel.swift; sourceTree = "<group>"; };
		CB46179F2AF7C0B400AD5BA5 /* NewQuestionViewModel.swift */ = {isa = PBXFileReference; lastKnownFileType = sourcecode.swift; path = NewQuestionViewModel.swift; sourceTree = "<group>"; };
		CB564F5E2B05094F00F70C66 /* CDTest.swift */ = {isa = PBXFileReference; lastKnownFileType = sourcecode.swift; path = CDTest.swift; sourceTree = "<group>"; };
		CB564F602B05165B00F70C66 /* Tools.swift */ = {isa = PBXFileReference; lastKnownFileType = sourcecode.swift; path = Tools.swift; sourceTree = "<group>"; };
		CB5E99722AED1E1600575C09 /* NSPredicate+Extension.swift */ = {isa = PBXFileReference; lastKnownFileType = sourcecode.swift; path = "NSPredicate+Extension.swift"; sourceTree = "<group>"; };
		CB6046A92AEAA85F004727A2 /* NewQuestionView.swift */ = {isa = PBXFileReference; lastKnownFileType = sourcecode.swift; path = NewQuestionView.swift; sourceTree = "<group>"; };
		CB61E3C92AF1A7DA00B60328 /* FilteredQuestionList.swift */ = {isa = PBXFileReference; lastKnownFileType = sourcecode.swift; path = FilteredQuestionList.swift; sourceTree = "<group>"; };
		CB6750872AE699600049E7A8 /* SailorCompass.app */ = {isa = PBXFileReference; explicitFileType = wrapper.application; includeInIndex = 0; path = SailorCompass.app; sourceTree = BUILT_PRODUCTS_DIR; };
		CB67508A2AE699600049E7A8 /* SailorCompassApp.swift */ = {isa = PBXFileReference; lastKnownFileType = sourcecode.swift; path = SailorCompassApp.swift; sourceTree = "<group>"; };
		CB67508C2AE699600049E7A8 /* MyListTestsView.swift */ = {isa = PBXFileReference; lastKnownFileType = sourcecode.swift; path = MyListTestsView.swift; sourceTree = "<group>"; };
		CB67508E2AE699610049E7A8 /* Assets.xcassets */ = {isa = PBXFileReference; lastKnownFileType = folder.assetcatalog; path = Assets.xcassets; sourceTree = "<group>"; };
		CB6750912AE699610049E7A8 /* Preview Assets.xcassets */ = {isa = PBXFileReference; lastKnownFileType = folder.assetcatalog; path = "Preview Assets.xcassets"; sourceTree = "<group>"; };
		CB6750932AE699610049E7A8 /* Persistence.swift */ = {isa = PBXFileReference; lastKnownFileType = sourcecode.swift; path = Persistence.swift; sourceTree = "<group>"; };
		CB6750962AE699610049E7A8 /* SailorCompass.xcdatamodel */ = {isa = PBXFileReference; lastKnownFileType = wrapper.xcdatamodel; path = SailorCompass.xcdatamodel; sourceTree = "<group>"; };
		CB6750982AE699610049E7A8 /* SailorCompass.entitlements */ = {isa = PBXFileReference; lastKnownFileType = text.plist.entitlements; path = SailorCompass.entitlements; sourceTree = "<group>"; };
		CB6750992AE699610049E7A8 /* Info.plist */ = {isa = PBXFileReference; lastKnownFileType = text.plist.xml; path = Info.plist; sourceTree = "<group>"; };
		CB67509E2AE699610049E7A8 /* SailorCompassTests.xctest */ = {isa = PBXFileReference; explicitFileType = wrapper.cfbundle; includeInIndex = 0; path = SailorCompassTests.xctest; sourceTree = BUILT_PRODUCTS_DIR; };
		CB6750A22AE699610049E7A8 /* SailorCompassTests.swift */ = {isa = PBXFileReference; lastKnownFileType = sourcecode.swift; path = SailorCompassTests.swift; sourceTree = "<group>"; };
		CB6750A82AE699610049E7A8 /* SailorCompassUITests.xctest */ = {isa = PBXFileReference; explicitFileType = wrapper.cfbundle; includeInIndex = 0; path = SailorCompassUITests.xctest; sourceTree = BUILT_PRODUCTS_DIR; };
		CB6750AC2AE699610049E7A8 /* SailorCompassUITests.swift */ = {isa = PBXFileReference; lastKnownFileType = sourcecode.swift; path = SailorCompassUITests.swift; sourceTree = "<group>"; };
		CB6750AE2AE699610049E7A8 /* SailorCompassUITestsLaunchTests.swift */ = {isa = PBXFileReference; lastKnownFileType = sourcecode.swift; path = SailorCompassUITestsLaunchTests.swift; sourceTree = "<group>"; };
		CB7887C92AFD23D800367B50 /* QuestionTextEditor.swift */ = {isa = PBXFileReference; lastKnownFileType = sourcecode.swift; path = QuestionTextEditor.swift; sourceTree = "<group>"; };
		CB7887CB2AFD2B2500367B50 /* AnswerTextField.swift */ = {isa = PBXFileReference; lastKnownFileType = sourcecode.swift; path = AnswerTextField.swift; sourceTree = "<group>"; };
		CB8A50312AE7CE4500088727 /* SettingsView.swift */ = {isa = PBXFileReference; lastKnownFileType = sourcecode.swift; path = SettingsView.swift; sourceTree = "<group>"; };
		CB8A50342AE7CF0C00088727 /* TabBarView.swift */ = {isa = PBXFileReference; lastKnownFileType = sourcecode.swift; path = TabBarView.swift; sourceTree = "<group>"; };
		CB8A50372AE7CF9400088727 /* TabBar.swift */ = {isa = PBXFileReference; lastKnownFileType = sourcecode.swift; path = TabBar.swift; sourceTree = "<group>"; };
		CB8A50392AE7D1F800088727 /* MapView.swift */ = {isa = PBXFileReference; lastKnownFileType = sourcecode.swift; path = MapView.swift; sourceTree = "<group>"; };
		CB8A503B2AE7D25800088727 /* ProfileView.swift */ = {isa = PBXFileReference; lastKnownFileType = sourcecode.swift; path = ProfileView.swift; sourceTree = "<group>"; };
		CB8A503D2AE7D75A00088727 /* CatalogTestsView.swift */ = {isa = PBXFileReference; lastKnownFileType = sourcecode.swift; path = CatalogTestsView.swift; sourceTree = "<group>"; };
		CB8A50442AE8033500088727 /* MyListTestsViewModel.swift */ = {isa = PBXFileReference; lastKnownFileType = sourcecode.swift; path = MyListTestsViewModel.swift; sourceTree = "<group>"; };
		CB8A50472AE8066200088727 /* CatalogTestsViewLabels.swift */ = {isa = PBXFileReference; lastKnownFileType = sourcecode.swift; path = CatalogTestsViewLabels.swift; sourceTree = "<group>"; };
		CB8A50492AE8096700088727 /* PublicTestsView.swift */ = {isa = PBXFileReference; lastKnownFileType = sourcecode.swift; path = PublicTestsView.swift; sourceTree = "<group>"; };
		CB8A504B2AE80E6B00088727 /* Constants.swift */ = {isa = PBXFileReference; lastKnownFileType = sourcecode.swift; path = Constants.swift; sourceTree = "<group>"; };
		CB8A504D2AE814BC00088727 /* NewTestView.swift */ = {isa = PBXFileReference; lastKnownFileType = sourcecode.swift; path = NewTestView.swift; sourceTree = "<group>"; };
		CB9495FC2AF3F507007A850C /* TestTitleTextField.swift */ = {isa = PBXFileReference; lastKnownFileType = sourcecode.swift; path = TestTitleTextField.swift; sourceTree = "<group>"; };
		CB9495FE2AF3F698007A850C /* TestVesrionTextField.swift */ = {isa = PBXFileReference; lastKnownFileType = sourcecode.swift; path = TestVesrionTextField.swift; sourceTree = "<group>"; };
		CBAB26AE2AEA6ED200C72AE1 /* MyListQuestionView.swift */ = {isa = PBXFileReference; lastKnownFileType = sourcecode.swift; path = MyListQuestionView.swift; sourceTree = "<group>"; };
		CBAB26B02AEA78D100C72AE1 /* MyListQuestionViewModel.swift */ = {isa = PBXFileReference; lastKnownFileType = sourcecode.swift; path = MyListQuestionViewModel.swift; sourceTree = "<group>"; };
/* End PBXFileReference section */

/* Begin PBXFrameworksBuildPhase section */
		CB6750842AE699600049E7A8 /* Frameworks */ = {
			isa = PBXFrameworksBuildPhase;
			buildActionMask = 2147483647;
			files = (
			);
			runOnlyForDeploymentPostprocessing = 0;
		};
		CB67509B2AE699610049E7A8 /* Frameworks */ = {
			isa = PBXFrameworksBuildPhase;
			buildActionMask = 2147483647;
			files = (
			);
			runOnlyForDeploymentPostprocessing = 0;
		};
		CB6750A52AE699610049E7A8 /* Frameworks */ = {
			isa = PBXFrameworksBuildPhase;
			buildActionMask = 2147483647;
			files = (
			);
			runOnlyForDeploymentPostprocessing = 0;
		};
/* End PBXFrameworksBuildPhase section */

/* Begin PBXGroup section */
		CB0087542AFAD98D00B92075 /* CloudKit */ = {
			isa = PBXGroup;
			children = (
				CB0087552AFAD9A900B92075 /* CloudKitUser.swift */,
			);
			path = CloudKit;
			sourceTree = "<group>";
		};
		CB03A3502AEC5A77005C3157 /* Core Data */ = {
			isa = PBXGroup;
			children = (
				CB6750932AE699610049E7A8 /* Persistence.swift */,
				CB03A3512AEC5ABA005C3157 /* CDTest+Extension.swift */,
				CB03A3532AECF644005C3157 /* CDQuestion+Extension.swift */,
				CB0C516F2AF0257E0063C5AD /* CDAnswer+Extension.swift */,
				CB5E99722AED1E1600575C09 /* NSPredicate+Extension.swift */,
			);
			path = "Core Data";
			sourceTree = "<group>";
		};
		CB46179A2AF7B2E800AD5BA5 /* Model */ = {
			isa = PBXGroup;
			children = (
				CB46179B2AF7B31E00AD5BA5 /* Answer.swift */,
				CB564F5E2B05094F00F70C66 /* CDTest.swift */,
			);
			path = Model;
			sourceTree = "<group>";
		};
		CB67507E2AE699600049E7A8 = {
			isa = PBXGroup;
			children = (
				CB6750892AE699600049E7A8 /* SailorCompass */,
				CB6750A12AE699610049E7A8 /* SailorCompassTests */,
				CB6750AB2AE699610049E7A8 /* SailorCompassUITests */,
				CB6750882AE699600049E7A8 /* Products */,
			);
			sourceTree = "<group>";
		};
		CB6750882AE699600049E7A8 /* Products */ = {
			isa = PBXGroup;
			children = (
				CB6750872AE699600049E7A8 /* SailorCompass.app */,
				CB67509E2AE699610049E7A8 /* SailorCompassTests.xctest */,
				CB6750A82AE699610049E7A8 /* SailorCompassUITests.xctest */,
			);
			name = Products;
			sourceTree = "<group>";
		};
		CB6750892AE699600049E7A8 /* SailorCompass */ = {
			isa = PBXGroup;
			children = (
				CB0087542AFAD98D00B92075 /* CloudKit */,
				CB67508A2AE699600049E7A8 /* SailorCompassApp.swift */,
				CB8A50332AE7CE5C00088727 /* View */,
				CB8A50412AE7FF4800088727 /* ViewModel */,
				CB46179A2AF7B2E800AD5BA5 /* Model */,
				CB8A50362AE7CF6200088727 /* Utilities */,
				CB03A3502AEC5A77005C3157 /* Core Data */,
				CB67508E2AE699610049E7A8 /* Assets.xcassets */,
				CB6750982AE699610049E7A8 /* SailorCompass.entitlements */,
				CB6750992AE699610049E7A8 /* Info.plist */,
				CB6750952AE699610049E7A8 /* SailorCompass.xcdatamodeld */,
				CB6750902AE699610049E7A8 /* Preview Content */,
				CB4617962AF6C02E00AD5BA5 /* ProfileViewModel.swift */,
			);
			path = SailorCompass;
			sourceTree = "<group>";
		};
		CB6750902AE699610049E7A8 /* Preview Content */ = {
			isa = PBXGroup;
			children = (
				CB6750912AE699610049E7A8 /* Preview Assets.xcassets */,
			);
			path = "Preview Content";
			sourceTree = "<group>";
		};
		CB6750A12AE699610049E7A8 /* SailorCompassTests */ = {
			isa = PBXGroup;
			children = (
				CB6750A22AE699610049E7A8 /* SailorCompassTests.swift */,
			);
			path = SailorCompassTests;
			sourceTree = "<group>";
		};
		CB6750AB2AE699610049E7A8 /* SailorCompassUITests */ = {
			isa = PBXGroup;
			children = (
				CB6750AC2AE699610049E7A8 /* SailorCompassUITests.swift */,
				CB6750AE2AE699610049E7A8 /* SailorCompassUITestsLaunchTests.swift */,
			);
			path = SailorCompassUITests;
			sourceTree = "<group>";
		};
		CB8A50332AE7CE5C00088727 /* View */ = {
			isa = PBXGroup;
			children = (
				CB8A50342AE7CF0C00088727 /* TabBarView.swift */,
				CB8A503D2AE7D75A00088727 /* CatalogTestsView.swift */,
				CB67508C2AE699600049E7A8 /* MyListTestsView.swift */,
				CBAB26AE2AEA6ED200C72AE1 /* MyListQuestionView.swift */,
				CB0C516D2AF023100063C5AD /* QuestionDetailView.swift */,
				CB8A50492AE8096700088727 /* PublicTestsView.swift */,
				CB8A503B2AE7D25800088727 /* ProfileView.swift */,
				CB8A50392AE7D1F800088727 /* MapView.swift */,
				CB8A50312AE7CE4500088727 /* SettingsView.swift */,
				CB8A504D2AE814BC00088727 /* NewTestView.swift */,
				CB6046A92AEAA85F004727A2 /* NewQuestionView.swift */,
				CB8A50462AE8062200088727 /* Components */,
			);
			path = View;
			sourceTree = "<group>";
		};
		CB8A50362AE7CF6200088727 /* Utilities */ = {
			isa = PBXGroup;
			children = (
				CB8A50372AE7CF9400088727 /* TabBar.swift */,
				CB8A504B2AE80E6B00088727 /* Constants.swift */,
				CB3A07762AF655CC007755C0 /* GlassBackground.swift */,
				CB3A077A2AF65E11007755C0 /* CatalogIcon.swift */,
				CB564F602B05165B00F70C66 /* Tools.swift */,
			);
			path = Utilities;
			sourceTree = "<group>";
		};
		CB8A50412AE7FF4800088727 /* ViewModel */ = {
			isa = PBXGroup;
			children = (
				CB8A50442AE8033500088727 /* MyListTestsViewModel.swift */,
				CBAB26B02AEA78D100C72AE1 /* MyListQuestionViewModel.swift */,
				CB46179D2AF7BC8B00AD5BA5 /* AnswerViewModel.swift */,
				CB46179F2AF7C0B400AD5BA5 /* NewQuestionViewModel.swift */,
			);
			path = ViewModel;
			sourceTree = "<group>";
		};
		CB8A50462AE8062200088727 /* Components */ = {
			isa = PBXGroup;
			children = (
				CB3A07742AF652B4007755C0 /* CatalogCell.swift */,
				CB8A50472AE8066200088727 /* CatalogTestsViewLabels.swift */,
				CB03A3552AECFDA3005C3157 /* TestRowView.swift */,
				CB61E3C92AF1A7DA00B60328 /* FilteredQuestionList.swift */,
				CB3F773D2AEEAA6400DA3970 /* CustomButtonLabel.swift */,
				CB3049352AEFC7EE005F8574 /* CheckBoxButtonLabel.swift */,
				CB9495FC2AF3F507007A850C /* TestTitleTextField.swift */,
				CB9495FE2AF3F698007A850C /* TestVesrionTextField.swift */,
				CB4617982AF6C0AB00AD5BA5 /* CircularProfileImage.swift */,
				CB7887C92AFD23D800367B50 /* QuestionTextEditor.swift */,
				CB7887CB2AFD2B2500367B50 /* AnswerTextField.swift */,
			);
			path = Components;
			sourceTree = "<group>";
		};
/* End PBXGroup section */

/* Begin PBXNativeTarget section */
		CB6750862AE699600049E7A8 /* SailorCompass */ = {
			isa = PBXNativeTarget;
			buildConfigurationList = CB6750B22AE699610049E7A8 /* Build configuration list for PBXNativeTarget "SailorCompass" */;
			buildPhases = (
				CB6750832AE699600049E7A8 /* Sources */,
				CB6750842AE699600049E7A8 /* Frameworks */,
				CB6750852AE699600049E7A8 /* Resources */,
			);
			buildRules = (
			);
			dependencies = (
			);
			name = SailorCompass;
			productName = SailorCompass;
			productReference = CB6750872AE699600049E7A8 /* SailorCompass.app */;
			productType = "com.apple.product-type.application";
		};
		CB67509D2AE699610049E7A8 /* SailorCompassTests */ = {
			isa = PBXNativeTarget;
			buildConfigurationList = CB6750B52AE699610049E7A8 /* Build configuration list for PBXNativeTarget "SailorCompassTests" */;
			buildPhases = (
				CB67509A2AE699610049E7A8 /* Sources */,
				CB67509B2AE699610049E7A8 /* Frameworks */,
				CB67509C2AE699610049E7A8 /* Resources */,
			);
			buildRules = (
			);
			dependencies = (
				CB6750A02AE699610049E7A8 /* PBXTargetDependency */,
			);
			name = SailorCompassTests;
			productName = SailorCompassTests;
			productReference = CB67509E2AE699610049E7A8 /* SailorCompassTests.xctest */;
			productType = "com.apple.product-type.bundle.unit-test";
		};
		CB6750A72AE699610049E7A8 /* SailorCompassUITests */ = {
			isa = PBXNativeTarget;
			buildConfigurationList = CB6750B82AE699610049E7A8 /* Build configuration list for PBXNativeTarget "SailorCompassUITests" */;
			buildPhases = (
				CB6750A42AE699610049E7A8 /* Sources */,
				CB6750A52AE699610049E7A8 /* Frameworks */,
				CB6750A62AE699610049E7A8 /* Resources */,
			);
			buildRules = (
			);
			dependencies = (
				CB6750AA2AE699610049E7A8 /* PBXTargetDependency */,
			);
			name = SailorCompassUITests;
			productName = SailorCompassUITests;
			productReference = CB6750A82AE699610049E7A8 /* SailorCompassUITests.xctest */;
			productType = "com.apple.product-type.bundle.ui-testing";
		};
/* End PBXNativeTarget section */

/* Begin PBXProject section */
		CB67507F2AE699600049E7A8 /* Project object */ = {
			isa = PBXProject;
			attributes = {
				BuildIndependentTargetsInParallel = 1;
				LastSwiftUpdateCheck = 1500;
				LastUpgradeCheck = 1500;
				TargetAttributes = {
					CB6750862AE699600049E7A8 = {
						CreatedOnToolsVersion = 15.0.1;
					};
					CB67509D2AE699610049E7A8 = {
						CreatedOnToolsVersion = 15.0.1;
						TestTargetID = CB6750862AE699600049E7A8;
					};
					CB6750A72AE699610049E7A8 = {
						CreatedOnToolsVersion = 15.0.1;
						TestTargetID = CB6750862AE699600049E7A8;
					};
				};
			};
			buildConfigurationList = CB6750822AE699600049E7A8 /* Build configuration list for PBXProject "SailorCompass" */;
			compatibilityVersion = "Xcode 14.0";
			developmentRegion = en;
			hasScannedForEncodings = 0;
			knownRegions = (
				en,
				Base,
			);
			mainGroup = CB67507E2AE699600049E7A8;
			productRefGroup = CB6750882AE699600049E7A8 /* Products */;
			projectDirPath = "";
			projectRoot = "";
			targets = (
				CB6750862AE699600049E7A8 /* SailorCompass */,
				CB67509D2AE699610049E7A8 /* SailorCompassTests */,
				CB6750A72AE699610049E7A8 /* SailorCompassUITests */,
			);
		};
/* End PBXProject section */

/* Begin PBXResourcesBuildPhase section */
		CB6750852AE699600049E7A8 /* Resources */ = {
			isa = PBXResourcesBuildPhase;
			buildActionMask = 2147483647;
			files = (
				CB6750922AE699610049E7A8 /* Preview Assets.xcassets in Resources */,
				CB67508F2AE699610049E7A8 /* Assets.xcassets in Resources */,
			);
			runOnlyForDeploymentPostprocessing = 0;
		};
		CB67509C2AE699610049E7A8 /* Resources */ = {
			isa = PBXResourcesBuildPhase;
			buildActionMask = 2147483647;
			files = (
			);
			runOnlyForDeploymentPostprocessing = 0;
		};
		CB6750A62AE699610049E7A8 /* Resources */ = {
			isa = PBXResourcesBuildPhase;
			buildActionMask = 2147483647;
			files = (
			);
			runOnlyForDeploymentPostprocessing = 0;
		};
/* End PBXResourcesBuildPhase section */

/* Begin PBXSourcesBuildPhase section */
		CB6750832AE699600049E7A8 /* Sources */ = {
			isa = PBXSourcesBuildPhase;
			buildActionMask = 2147483647;
			files = (
				CB5E99732AED1E1600575C09 /* NSPredicate+Extension.swift in Sources */,
				CB7887CC2AFD2B2500367B50 /* AnswerTextField.swift in Sources */,
				CB8A50322AE7CE4500088727 /* SettingsView.swift in Sources */,
				CB46179C2AF7B31E00AD5BA5 /* Answer.swift in Sources */,
				CB8A504E2AE814BC00088727 /* NewTestView.swift in Sources */,
				CB9495FD2AF3F507007A850C /* TestTitleTextField.swift in Sources */,
				CB8A50482AE8066200088727 /* CatalogTestsViewLabels.swift in Sources */,
				CB4617A02AF7C0B400AD5BA5 /* NewQuestionViewModel.swift in Sources */,
				CB0C51702AF0257E0063C5AD /* CDAnswer+Extension.swift in Sources */,
				CB03A3522AEC5ABA005C3157 /* CDTest+Extension.swift in Sources */,
				CB8A503C2AE7D25800088727 /* ProfileView.swift in Sources */,
				CB46179E2AF7BC8B00AD5BA5 /* AnswerViewModel.swift in Sources */,
				CB8A503A2AE7D1F800088727 /* MapView.swift in Sources */,
				CB3A07772AF655CC007755C0 /* GlassBackground.swift in Sources */,
				CB8A504C2AE80E6B00088727 /* Constants.swift in Sources */,
				CB8A503E2AE7D75A00088727 /* CatalogTestsView.swift in Sources */,
				CB6750942AE699610049E7A8 /* Persistence.swift in Sources */,
				CB3A077B2AF65E11007755C0 /* CatalogIcon.swift in Sources */,
				CBAB26AF2AEA6ED200C72AE1 /* MyListQuestionView.swift in Sources */,
				CB9495FF2AF3F698007A850C /* TestVesrionTextField.swift in Sources */,
				CB6046AA2AEAA85F004727A2 /* NewQuestionView.swift in Sources */,
				CB564F5F2B05094F00F70C66 /* CDTest.swift in Sources */,
				CB03A3562AECFDA3005C3157 /* TestRowView.swift in Sources */,
				CBAB26B12AEA78D100C72AE1 /* MyListQuestionViewModel.swift in Sources */,
				CB0C516E2AF023100063C5AD /* QuestionDetailView.swift in Sources */,
				CB67508D2AE699600049E7A8 /* MyListTestsView.swift in Sources */,
				CB6750972AE699610049E7A8 /* SailorCompass.xcdatamodeld in Sources */,
				CB0087562AFAD9A900B92075 /* CloudKitUser.swift in Sources */,
				CB03A3542AECF644005C3157 /* CDQuestion+Extension.swift in Sources */,
				CB61E3CA2AF1A7DA00B60328 /* FilteredQuestionList.swift in Sources */,
				CB8A504A2AE8096700088727 /* PublicTestsView.swift in Sources */,
				CB7887CA2AFD23D800367B50 /* QuestionTextEditor.swift in Sources */,
				CB3A07752AF652B4007755C0 /* CatalogCell.swift in Sources */,
				CB8A50352AE7CF0C00088727 /* TabBarView.swift in Sources */,
				CB3F773E2AEEAA6400DA3970 /* CustomButtonLabel.swift in Sources */,
				CB4617992AF6C0AB00AD5BA5 /* CircularProfileImage.swift in Sources */,
				CB3049362AEFC7EE005F8574 /* CheckBoxButtonLabel.swift in Sources */,
				CB4617972AF6C02E00AD5BA5 /* ProfileViewModel.swift in Sources */,
				CB67508B2AE699600049E7A8 /* SailorCompassApp.swift in Sources */,
				CB564F612B05165B00F70C66 /* Tools.swift in Sources */,
				CB8A50452AE8033500088727 /* MyListTestsViewModel.swift in Sources */,
				CB8A50382AE7CF9400088727 /* TabBar.swift in Sources */,
			);
			runOnlyForDeploymentPostprocessing = 0;
		};
		CB67509A2AE699610049E7A8 /* Sources */ = {
			isa = PBXSourcesBuildPhase;
			buildActionMask = 2147483647;
			files = (
				CB6750A32AE699610049E7A8 /* SailorCompassTests.swift in Sources */,
			);
			runOnlyForDeploymentPostprocessing = 0;
		};
		CB6750A42AE699610049E7A8 /* Sources */ = {
			isa = PBXSourcesBuildPhase;
			buildActionMask = 2147483647;
			files = (
				CB6750AD2AE699610049E7A8 /* SailorCompassUITests.swift in Sources */,
				CB6750AF2AE699610049E7A8 /* SailorCompassUITestsLaunchTests.swift in Sources */,
			);
			runOnlyForDeploymentPostprocessing = 0;
		};
/* End PBXSourcesBuildPhase section */

/* Begin PBXTargetDependency section */
		CB6750A02AE699610049E7A8 /* PBXTargetDependency */ = {
			isa = PBXTargetDependency;
			target = CB6750862AE699600049E7A8 /* SailorCompass */;
			targetProxy = CB67509F2AE699610049E7A8 /* PBXContainerItemProxy */;
		};
		CB6750AA2AE699610049E7A8 /* PBXTargetDependency */ = {
			isa = PBXTargetDependency;
			target = CB6750862AE699600049E7A8 /* SailorCompass */;
			targetProxy = CB6750A92AE699610049E7A8 /* PBXContainerItemProxy */;
		};
/* End PBXTargetDependency section */

/* Begin XCBuildConfiguration section */
		CB6750B02AE699610049E7A8 /* Debug */ = {
			isa = XCBuildConfiguration;
			buildSettings = {
				ALWAYS_SEARCH_USER_PATHS = NO;
				ASSETCATALOG_COMPILER_GENERATE_SWIFT_ASSET_SYMBOL_EXTENSIONS = YES;
				CLANG_ANALYZER_NONNULL = YES;
				CLANG_ANALYZER_NUMBER_OBJECT_CONVERSION = YES_AGGRESSIVE;
				CLANG_CXX_LANGUAGE_STANDARD = "gnu++20";
				CLANG_ENABLE_MODULES = YES;
				CLANG_ENABLE_OBJC_ARC = YES;
				CLANG_ENABLE_OBJC_WEAK = YES;
				CLANG_WARN_BLOCK_CAPTURE_AUTORELEASING = YES;
				CLANG_WARN_BOOL_CONVERSION = YES;
				CLANG_WARN_COMMA = YES;
				CLANG_WARN_CONSTANT_CONVERSION = YES;
				CLANG_WARN_DEPRECATED_OBJC_IMPLEMENTATIONS = YES;
				CLANG_WARN_DIRECT_OBJC_ISA_USAGE = YES_ERROR;
				CLANG_WARN_DOCUMENTATION_COMMENTS = YES;
				CLANG_WARN_EMPTY_BODY = YES;
				CLANG_WARN_ENUM_CONVERSION = YES;
				CLANG_WARN_INFINITE_RECURSION = YES;
				CLANG_WARN_INT_CONVERSION = YES;
				CLANG_WARN_NON_LITERAL_NULL_CONVERSION = YES;
				CLANG_WARN_OBJC_IMPLICIT_RETAIN_SELF = YES;
				CLANG_WARN_OBJC_LITERAL_CONVERSION = YES;
				CLANG_WARN_OBJC_ROOT_CLASS = YES_ERROR;
				CLANG_WARN_QUOTED_INCLUDE_IN_FRAMEWORK_HEADER = YES;
				CLANG_WARN_RANGE_LOOP_ANALYSIS = YES;
				CLANG_WARN_STRICT_PROTOTYPES = YES;
				CLANG_WARN_SUSPICIOUS_MOVE = YES;
				CLANG_WARN_UNGUARDED_AVAILABILITY = YES_AGGRESSIVE;
				CLANG_WARN_UNREACHABLE_CODE = YES;
				CLANG_WARN__DUPLICATE_METHOD_MATCH = YES;
				COPY_PHASE_STRIP = NO;
				DEBUG_INFORMATION_FORMAT = dwarf;
				ENABLE_STRICT_OBJC_MSGSEND = YES;
				ENABLE_TESTABILITY = YES;
				ENABLE_USER_SCRIPT_SANDBOXING = YES;
				GCC_C_LANGUAGE_STANDARD = gnu17;
				GCC_DYNAMIC_NO_PIC = NO;
				GCC_NO_COMMON_BLOCKS = YES;
				GCC_OPTIMIZATION_LEVEL = 0;
				GCC_PREPROCESSOR_DEFINITIONS = (
					"DEBUG=1",
					"$(inherited)",
				);
				GCC_WARN_64_TO_32_BIT_CONVERSION = YES;
				GCC_WARN_ABOUT_RETURN_TYPE = YES_ERROR;
				GCC_WARN_UNDECLARED_SELECTOR = YES;
				GCC_WARN_UNINITIALIZED_AUTOS = YES_AGGRESSIVE;
				GCC_WARN_UNUSED_FUNCTION = YES;
				GCC_WARN_UNUSED_VARIABLE = YES;
				IPHONEOS_DEPLOYMENT_TARGET = 17.0;
				LOCALIZATION_PREFERS_STRING_CATALOGS = YES;
				MTL_ENABLE_DEBUG_INFO = INCLUDE_SOURCE;
				MTL_FAST_MATH = YES;
				ONLY_ACTIVE_ARCH = YES;
				SDKROOT = iphoneos;
				SWIFT_ACTIVE_COMPILATION_CONDITIONS = "DEBUG $(inherited)";
				SWIFT_OPTIMIZATION_LEVEL = "-Onone";
			};
			name = Debug;
		};
		CB6750B12AE699610049E7A8 /* Release */ = {
			isa = XCBuildConfiguration;
			buildSettings = {
				ALWAYS_SEARCH_USER_PATHS = NO;
				ASSETCATALOG_COMPILER_GENERATE_SWIFT_ASSET_SYMBOL_EXTENSIONS = YES;
				CLANG_ANALYZER_NONNULL = YES;
				CLANG_ANALYZER_NUMBER_OBJECT_CONVERSION = YES_AGGRESSIVE;
				CLANG_CXX_LANGUAGE_STANDARD = "gnu++20";
				CLANG_ENABLE_MODULES = YES;
				CLANG_ENABLE_OBJC_ARC = YES;
				CLANG_ENABLE_OBJC_WEAK = YES;
				CLANG_WARN_BLOCK_CAPTURE_AUTORELEASING = YES;
				CLANG_WARN_BOOL_CONVERSION = YES;
				CLANG_WARN_COMMA = YES;
				CLANG_WARN_CONSTANT_CONVERSION = YES;
				CLANG_WARN_DEPRECATED_OBJC_IMPLEMENTATIONS = YES;
				CLANG_WARN_DIRECT_OBJC_ISA_USAGE = YES_ERROR;
				CLANG_WARN_DOCUMENTATION_COMMENTS = YES;
				CLANG_WARN_EMPTY_BODY = YES;
				CLANG_WARN_ENUM_CONVERSION = YES;
				CLANG_WARN_INFINITE_RECURSION = YES;
				CLANG_WARN_INT_CONVERSION = YES;
				CLANG_WARN_NON_LITERAL_NULL_CONVERSION = YES;
				CLANG_WARN_OBJC_IMPLICIT_RETAIN_SELF = YES;
				CLANG_WARN_OBJC_LITERAL_CONVERSION = YES;
				CLANG_WARN_OBJC_ROOT_CLASS = YES_ERROR;
				CLANG_WARN_QUOTED_INCLUDE_IN_FRAMEWORK_HEADER = YES;
				CLANG_WARN_RANGE_LOOP_ANALYSIS = YES;
				CLANG_WARN_STRICT_PROTOTYPES = YES;
				CLANG_WARN_SUSPICIOUS_MOVE = YES;
				CLANG_WARN_UNGUARDED_AVAILABILITY = YES_AGGRESSIVE;
				CLANG_WARN_UNREACHABLE_CODE = YES;
				CLANG_WARN__DUPLICATE_METHOD_MATCH = YES;
				COPY_PHASE_STRIP = NO;
				DEBUG_INFORMATION_FORMAT = "dwarf-with-dsym";
				ENABLE_NS_ASSERTIONS = NO;
				ENABLE_STRICT_OBJC_MSGSEND = YES;
				ENABLE_USER_SCRIPT_SANDBOXING = YES;
				GCC_C_LANGUAGE_STANDARD = gnu17;
				GCC_NO_COMMON_BLOCKS = YES;
				GCC_WARN_64_TO_32_BIT_CONVERSION = YES;
				GCC_WARN_ABOUT_RETURN_TYPE = YES_ERROR;
				GCC_WARN_UNDECLARED_SELECTOR = YES;
				GCC_WARN_UNINITIALIZED_AUTOS = YES_AGGRESSIVE;
				GCC_WARN_UNUSED_FUNCTION = YES;
				GCC_WARN_UNUSED_VARIABLE = YES;
				IPHONEOS_DEPLOYMENT_TARGET = 17.0;
				LOCALIZATION_PREFERS_STRING_CATALOGS = YES;
				MTL_ENABLE_DEBUG_INFO = NO;
				MTL_FAST_MATH = YES;
				SDKROOT = iphoneos;
				SWIFT_COMPILATION_MODE = wholemodule;
				VALIDATE_PRODUCT = YES;
			};
			name = Release;
		};
		CB6750B32AE699610049E7A8 /* Debug */ = {
			isa = XCBuildConfiguration;
			buildSettings = {
				ASSETCATALOG_COMPILER_APPICON_NAME = AppIcon;
				ASSETCATALOG_COMPILER_GLOBAL_ACCENT_COLOR_NAME = AccentColor;
				CODE_SIGN_ENTITLEMENTS = SailorCompass/SailorCompass.entitlements;
				CODE_SIGN_STYLE = Automatic;
				CURRENT_PROJECT_VERSION = 1;
				DEVELOPMENT_ASSET_PATHS = "\"SailorCompass/Preview Content\"";
				DEVELOPMENT_TEAM = 66HU5NYDZZ;
				ENABLE_PREVIEWS = YES;
				GENERATE_INFOPLIST_FILE = YES;
				INFOPLIST_FILE = SailorCompass/Info.plist;
				INFOPLIST_KEY_UIApplicationSceneManifest_Generation = YES;
				INFOPLIST_KEY_UIApplicationSupportsIndirectInputEvents = YES;
				INFOPLIST_KEY_UILaunchScreen_Generation = YES;
				INFOPLIST_KEY_UISupportedInterfaceOrientations_iPad = "UIInterfaceOrientationPortrait UIInterfaceOrientationPortraitUpsideDown UIInterfaceOrientationLandscapeLeft UIInterfaceOrientationLandscapeRight";
				INFOPLIST_KEY_UISupportedInterfaceOrientations_iPhone = "UIInterfaceOrientationPortrait UIInterfaceOrientationLandscapeLeft UIInterfaceOrientationLandscapeRight";
				IPHONEOS_DEPLOYMENT_TARGET = 16.0;
				LD_RUNPATH_SEARCH_PATHS = (
					"$(inherited)",
					"@executable_path/Frameworks",
				);
				MARKETING_VERSION = 1.0;
				PRODUCT_BUNDLE_IDENTIFIER = rs.VadVinDev.SailorCompass;
				PRODUCT_NAME = "$(TARGET_NAME)";
				SWIFT_EMIT_LOC_STRINGS = YES;
				SWIFT_VERSION = 5.0;
				TARGETED_DEVICE_FAMILY = "1,2";
			};
			name = Debug;
		};
		CB6750B42AE699610049E7A8 /* Release */ = {
			isa = XCBuildConfiguration;
			buildSettings = {
				ASSETCATALOG_COMPILER_APPICON_NAME = AppIcon;
				ASSETCATALOG_COMPILER_GLOBAL_ACCENT_COLOR_NAME = AccentColor;
				CODE_SIGN_ENTITLEMENTS = SailorCompass/SailorCompass.entitlements;
				CODE_SIGN_STYLE = Automatic;
				CURRENT_PROJECT_VERSION = 1;
				DEVELOPMENT_ASSET_PATHS = "\"SailorCompass/Preview Content\"";
				DEVELOPMENT_TEAM = 66HU5NYDZZ;
				ENABLE_PREVIEWS = YES;
				GENERATE_INFOPLIST_FILE = YES;
				INFOPLIST_FILE = SailorCompass/Info.plist;
				INFOPLIST_KEY_UIApplicationSceneManifest_Generation = YES;
				INFOPLIST_KEY_UIApplicationSupportsIndirectInputEvents = YES;
				INFOPLIST_KEY_UILaunchScreen_Generation = YES;
				INFOPLIST_KEY_UISupportedInterfaceOrientations_iPad = "UIInterfaceOrientationPortrait UIInterfaceOrientationPortraitUpsideDown UIInterfaceOrientationLandscapeLeft UIInterfaceOrientationLandscapeRight";
				INFOPLIST_KEY_UISupportedInterfaceOrientations_iPhone = "UIInterfaceOrientationPortrait UIInterfaceOrientationLandscapeLeft UIInterfaceOrientationLandscapeRight";
				IPHONEOS_DEPLOYMENT_TARGET = 16.0;
				LD_RUNPATH_SEARCH_PATHS = (
					"$(inherited)",
					"@executable_path/Frameworks",
				);
				MARKETING_VERSION = 1.0;
				PRODUCT_BUNDLE_IDENTIFIER = rs.VadVinDev.SailorCompass;
				PRODUCT_NAME = "$(TARGET_NAME)";
				SWIFT_EMIT_LOC_STRINGS = YES;
				SWIFT_VERSION = 5.0;
				TARGETED_DEVICE_FAMILY = "1,2";
			};
			name = Release;
		};
		CB6750B62AE699610049E7A8 /* Debug */ = {
			isa = XCBuildConfiguration;
			buildSettings = {
				ALWAYS_EMBED_SWIFT_STANDARD_LIBRARIES = YES;
				BUNDLE_LOADER = "$(TEST_HOST)";
				CODE_SIGN_STYLE = Automatic;
				CURRENT_PROJECT_VERSION = 1;
				DEVELOPMENT_TEAM = 66HU5NYDZZ;
				GENERATE_INFOPLIST_FILE = YES;
				IPHONEOS_DEPLOYMENT_TARGET = 17.0;
				MARKETING_VERSION = 1.0;
				PRODUCT_BUNDLE_IDENTIFIER = ru.apbrandom.SailorCompassTests;
				PRODUCT_NAME = "$(TARGET_NAME)";
				SWIFT_EMIT_LOC_STRINGS = NO;
				SWIFT_VERSION = 5.0;
				TARGETED_DEVICE_FAMILY = "1,2";
				TEST_HOST = "$(BUILT_PRODUCTS_DIR)/SailorCompass.app/$(BUNDLE_EXECUTABLE_FOLDER_PATH)/SailorCompass";
			};
			name = Debug;
		};
		CB6750B72AE699610049E7A8 /* Release */ = {
			isa = XCBuildConfiguration;
			buildSettings = {
				ALWAYS_EMBED_SWIFT_STANDARD_LIBRARIES = YES;
				BUNDLE_LOADER = "$(TEST_HOST)";
				CODE_SIGN_STYLE = Automatic;
				CURRENT_PROJECT_VERSION = 1;
				DEVELOPMENT_TEAM = 66HU5NYDZZ;
				GENERATE_INFOPLIST_FILE = YES;
				IPHONEOS_DEPLOYMENT_TARGET = 17.0;
				MARKETING_VERSION = 1.0;
				PRODUCT_BUNDLE_IDENTIFIER = ru.apbrandom.SailorCompassTests;
				PRODUCT_NAME = "$(TARGET_NAME)";
				SWIFT_EMIT_LOC_STRINGS = NO;
				SWIFT_VERSION = 5.0;
				TARGETED_DEVICE_FAMILY = "1,2";
				TEST_HOST = "$(BUILT_PRODUCTS_DIR)/SailorCompass.app/$(BUNDLE_EXECUTABLE_FOLDER_PATH)/SailorCompass";
			};
			name = Release;
		};
		CB6750B92AE699610049E7A8 /* Debug */ = {
			isa = XCBuildConfiguration;
			buildSettings = {
				ALWAYS_EMBED_SWIFT_STANDARD_LIBRARIES = YES;
				CODE_SIGN_STYLE = Automatic;
				CURRENT_PROJECT_VERSION = 1;
				DEVELOPMENT_TEAM = 66HU5NYDZZ;
				GENERATE_INFOPLIST_FILE = YES;
				MARKETING_VERSION = 1.0;
				PRODUCT_BUNDLE_IDENTIFIER = ru.apbrandom.SailorCompassUITests;
				PRODUCT_NAME = "$(TARGET_NAME)";
				SWIFT_EMIT_LOC_STRINGS = NO;
				SWIFT_VERSION = 5.0;
				TARGETED_DEVICE_FAMILY = "1,2";
				TEST_TARGET_NAME = SailorCompass;
			};
			name = Debug;
		};
		CB6750BA2AE699610049E7A8 /* Release */ = {
			isa = XCBuildConfiguration;
			buildSettings = {
				ALWAYS_EMBED_SWIFT_STANDARD_LIBRARIES = YES;
				CODE_SIGN_STYLE = Automatic;
				CURRENT_PROJECT_VERSION = 1;
				DEVELOPMENT_TEAM = 66HU5NYDZZ;
				GENERATE_INFOPLIST_FILE = YES;
				MARKETING_VERSION = 1.0;
				PRODUCT_BUNDLE_IDENTIFIER = ru.apbrandom.SailorCompassUITests;
				PRODUCT_NAME = "$(TARGET_NAME)";
				SWIFT_EMIT_LOC_STRINGS = NO;
				SWIFT_VERSION = 5.0;
				TARGETED_DEVICE_FAMILY = "1,2";
				TEST_TARGET_NAME = SailorCompass;
			};
			name = Release;
		};
/* End XCBuildConfiguration section */

/* Begin XCConfigurationList section */
		CB6750822AE699600049E7A8 /* Build configuration list for PBXProject "SailorCompass" */ = {
			isa = XCConfigurationList;
			buildConfigurations = (
				CB6750B02AE699610049E7A8 /* Debug */,
				CB6750B12AE699610049E7A8 /* Release */,
			);
			defaultConfigurationIsVisible = 0;
			defaultConfigurationName = Release;
		};
		CB6750B22AE699610049E7A8 /* Build configuration list for PBXNativeTarget "SailorCompass" */ = {
			isa = XCConfigurationList;
			buildConfigurations = (
				CB6750B32AE699610049E7A8 /* Debug */,
				CB6750B42AE699610049E7A8 /* Release */,
			);
			defaultConfigurationIsVisible = 0;
			defaultConfigurationName = Release;
		};
		CB6750B52AE699610049E7A8 /* Build configuration list for PBXNativeTarget "SailorCompassTests" */ = {
			isa = XCConfigurationList;
			buildConfigurations = (
				CB6750B62AE699610049E7A8 /* Debug */,
				CB6750B72AE699610049E7A8 /* Release */,
			);
			defaultConfigurationIsVisible = 0;
			defaultConfigurationName = Release;
		};
		CB6750B82AE699610049E7A8 /* Build configuration list for PBXNativeTarget "SailorCompassUITests" */ = {
			isa = XCConfigurationList;
			buildConfigurations = (
				CB6750B92AE699610049E7A8 /* Debug */,
				CB6750BA2AE699610049E7A8 /* Release */,
			);
			defaultConfigurationIsVisible = 0;
			defaultConfigurationName = Release;
		};
/* End XCConfigurationList section */

/* Begin XCVersionGroup section */
		CB6750952AE699610049E7A8 /* SailorCompass.xcdatamodeld */ = {
			isa = XCVersionGroup;
			children = (
				CB6750962AE699610049E7A8 /* SailorCompass.xcdatamodel */,
			);
			currentVersion = CB6750962AE699610049E7A8 /* SailorCompass.xcdatamodel */;
			path = SailorCompass.xcdatamodeld;
			sourceTree = "<group>";
			versionGroupType = wrapper.xcdatamodel;
		};
/* End XCVersionGroup section */
	};
	rootObject = CB67507F2AE699600049E7A8 /* Project object */;
}
